
Microsoft Visual Studio Solution File, Format Version 12.00
# Visual Studio Version 17
VisualStudioVersion = 17.3.32929.385
MinimumVisualStudioVersion = 10.0.40219.1
Project("{FAE04EC0-301F-11D3-BF4B-00C04F79EFBC}") = "TEST, parandatud", "TEST, parandatud\TEST, parandatud.csproj", "{FB959223-0CCD-4EE1-9BFD-294774797689}"
EndProject
Global
	GlobalSection(SolutionConfigurationPlatforms) = preSolution
		Debug|Any CPU = Debug|Any CPU
		Release|Any CPU = Release|Any CPU
	EndGlobalSection
	GlobalSection(ProjectConfigurationPlatforms) = postSolution
		{FB959223-0CCD-4EE1-9BFD-294774797689}.Debug|Any CPU.ActiveCfg = Debug|Any CPU
		{FB959223-0CCD-4EE1-9BFD-294774797689}.Debug|Any CPU.Build.0 = Debug|Any CPU
		{FB959223-0CCD-4EE1-9BFD-294774797689}.Release|Any CPU.ActiveCfg = Release|Any CPU
		{FB959223-0CCD-4EE1-9BFD-294774797689}.Release|Any CPU.Build.0 = Release|Any CPU
	EndGlobalSection
	GlobalSection(SolutionProperties) = preSolution
		HideSolutionNode = FALSE
	EndGlobalSection
	GlobalSection(ExtensibilityGlobals) = postSolution
		SolutionGuid = {3F0B917B-FAB2-4C3E-8B4C-F32ABEDD93C1}
	EndGlobalSection
EndGlobal
